
Microsoft Visual Studio Solution File, Format Version 12.00
# Visual Studio Version 17
VisualStudioVersion = 17.3.32922.545
MinimumVisualStudioVersion = 10.0.40219.1
Project("{8BC9CEB8-8B4A-11D0-8D11-00A0C91BC942}") = "RingBuffer", "RingBuffer\RingBuffer.vcxproj", "{E7AD907C-3F0A-4646-A961-24F08D99F42B}"
EndProject
Global
	GlobalSection(SolutionConfigurationPlatforms) = preSolution
		Debug|x64 = Debug|x64
		Debug|x86 = Debug|x86
		Release|x64 = Release|x64
		Release|x86 = Release|x86
	EndGlobalSection
	GlobalSection(ProjectConfigurationPlatforms) = postSolution
		{E7AD907C-3F0A-4646-A961-24F08D99F42B}.Debug|x64.ActiveCfg = Debug|x64
		{E7AD907C-3F0A-4646-A961-24F08D99F42B}.Debug|x64.Build.0 = Debug|x64
		{E7AD907C-3F0A-4646-A961-24F08D99F42B}.Debug|x86.ActiveCfg = Debug|Win32
		{E7AD907C-3F0A-4646-A961-24F08D99F42B}.Debug|x86.Build.0 = Debug|Win32
		{E7AD907C-3F0A-4646-A961-24F08D99F42B}.Release|x64.ActiveCfg = Release|x64
		{E7AD907C-3F0A-4646-A961-24F08D99F42B}.Release|x64.Build.0 = Release|x64
		{E7AD907C-3F0A-4646-A961-24F08D99F42B}.Release|x86.ActiveCfg = Release|Win32
		{E7AD907C-3F0A-4646-A961-24F08D99F42B}.Release|x86.Build.0 = Release|Win32
	EndGlobalSection
	GlobalSection(SolutionProperties) = preSolution
		HideSolutionNode = FALSE
	EndGlobalSection
	GlobalSection(ExtensibilityGlobals) = postSolution
		SolutionGuid = {17DB515C-7635-4099-83F3-5BB43382B592}
	EndGlobalSection
EndGlobal
